
Microsoft Visual Studio Solution File, Format Version 12.00
# Visual Studio 15
VisualStudioVersion = 15.0.28307.136
MinimumVisualStudioVersion = 10.0.40219.1
Project("{FAE04EC0-301F-11D3-BF4B-00C04F79EFBC}") = "SourceControlTesting", "SourceControlTesting\SourceControlTesting.csproj", "{343C7069-A08C-49D6-8A52-1B29C7BA377E}"
EndProject
Global
	GlobalSection(SolutionConfigurationPlatforms) = preSolution
		Debug|Any CPU = Debug|Any CPU
		Release|Any CPU = Release|Any CPU
	EndGlobalSection
	GlobalSection(ProjectConfigurationPlatforms) = postSolution
		{343C7069-A08C-49D6-8A52-1B29C7BA377E}.Debug|Any CPU.ActiveCfg = Debug|Any CPU
		{343C7069-A08C-49D6-8A52-1B29C7BA377E}.Debug|Any CPU.Build.0 = Debug|Any CPU
		{343C7069-A08C-49D6-8A52-1B29C7BA377E}.Release|Any CPU.ActiveCfg = Release|Any CPU
		{343C7069-A08C-49D6-8A52-1B29C7BA377E}.Release|Any CPU.Build.0 = Release|Any CPU
	EndGlobalSection
	GlobalSection(SolutionProperties) = preSolution
		HideSolutionNode = FALSE
	EndGlobalSection
	GlobalSection(ExtensibilityGlobals) = postSolution
		SolutionGuid = {56E19D10-57C9-4C21-AD49-AD218939CB1C}
	EndGlobalSection
EndGlobal
